lockfileVersion: '9.0'

settings:
  autoInstallPeers: true
  excludeLinksFromLockfile: false

importers:

  .:
    devDependencies:
      '@bddjr/rimraf':
        specifier: ^0.1.1
        version: 0.1.1
      '@types/node':
        specifier: ^20.0.0
        version: 20.0.0
      typescript:
        specifier: ^6.0.3
        version: 6.0.3

packages:

  '@bddjr/rimraf@0.1.1':
    resolution: {integrity: sha512-a0Hs06K0CQS3vywqdsU8VwKwTeEWB0dFQ0eOcdemFyGuXqok2e+TfSzUWVq9l4lkItdn2reAydwjEuFHvjttSQ==}
    hasBin: true

  '@types/node@20.0.0':
    resolution: {integrity: sha512-cD2uPTDnQQCVpmRefonO98/PPijuOnnEy5oytWJFPY1N9aJCz2wJ5kSGWO+zJoed2cY2JxQh6yBuUq4vIn61hw==}

  typescript@6.0.3:
    resolution: {integrity: sha512-y2TvuxSZPDyQakkFRPZHKFm+KKVqIisdg9/CZwm9ftvKXLP8NRWj38/ODjNbr43SsoXqNuAisEf1GdCxqWcdBw==}
    engines: {node: '>=14.17'}
    hasBin: true

snapshots:

  '@bddjr/rimraf@0.1.1': {}

  '@types/node@20.0.0': {}

  typescript@6.0.3: {}
